
Microsoft Visual Studio Solution File, Format Version 12.00
# Visual Studio Version 17
VisualStudioVersion = 17.2.32317.152
MinimumVisualStudioVersion = 10.0.40219.1
Project("{FAE04EC0-301F-11D3-BF4B-00C04F79EFBC}") = "Lab№10", "Lab№10\Lab№10.csproj", "{9D79A17C-606C-4741-A808-B9D32C512C27}"
EndProject
Global
	GlobalSection(SolutionConfigurationPlatforms) = preSolution
		Debug|Any CPU = Debug|Any CPU
		Release|Any CPU = Release|Any CPU
	EndGlobalSection
	GlobalSection(ProjectConfigurationPlatforms) = postSolution
		{9D79A17C-606C-4741-A808-B9D32C512C27}.Debug|Any CPU.ActiveCfg = Debug|Any CPU
		{9D79A17C-606C-4741-A808-B9D32C512C27}.Debug|Any CPU.Build.0 = Debug|Any CPU
		{9D79A17C-606C-4741-A808-B9D32C512C27}.Release|Any CPU.ActiveCfg = Release|Any CPU
		{9D79A17C-606C-4741-A808-B9D32C512C27}.Release|Any CPU.Build.0 = Release|Any CPU
	EndGlobalSection
	GlobalSection(SolutionProperties) = preSolution
		HideSolutionNode = FALSE
	EndGlobalSection
	GlobalSection(ExtensibilityGlobals) = postSolution
		SolutionGuid = {44E88A05-1C07-43D2-8CC0-6F37584D0810}
	EndGlobalSection
EndGlobal
