
Microsoft Visual Studio Solution File, Format Version 12.00
# Visual Studio Version 16
VisualStudioVersion = 16.0.30611.23
MinimumVisualStudioVersion = 10.0.40219.1
Project("{FAE04EC0-301F-11D3-BF4B-00C04F79EFBC}") = "lab4_5", "lab4_5.csproj", "{BB61C5A5-74DD-462E-A29A-AA57B84310D7}"
EndProject
Global
	GlobalSection(SolutionConfigurationPlatforms) = preSolution
		Debug|Any CPU = Debug|Any CPU
		Release|Any CPU = Release|Any CPU
	EndGlobalSection
	GlobalSection(ProjectConfigurationPlatforms) = postSolution
		{BB61C5A5-74DD-462E-A29A-AA57B84310D7}.Debug|Any CPU.ActiveCfg = Debug|Any CPU
		{BB61C5A5-74DD-462E-A29A-AA57B84310D7}.Debug|Any CPU.Build.0 = Debug|Any CPU
		{BB61C5A5-74DD-462E-A29A-AA57B84310D7}.Release|Any CPU.ActiveCfg = Release|Any CPU
		{BB61C5A5-74DD-462E-A29A-AA57B84310D7}.Release|Any CPU.Build.0 = Release|Any CPU
	EndGlobalSection
	GlobalSection(SolutionProperties) = preSolution
		HideSolutionNode = FALSE
	EndGlobalSection
	GlobalSection(ExtensibilityGlobals) = postSolution
		SolutionGuid = {E4FD5C9D-9D52-42F6-9BD1-EDE91D382454}
	EndGlobalSection
EndGlobal
