
Microsoft Visual Studio Solution File, Format Version 12.00
# Visual Studio Version 16
VisualStudioVersion = 16.0.30611.23
MinimumVisualStudioVersion = 10.0.40219.1
Project("{FAE04EC0-301F-11D3-BF4B-00C04F79EFBC}") = "newLab2", "newLab2.csproj", "{33A97C1E-7982-411D-9A47-ABA9F5C033BA}"
EndProject
Global
	GlobalSection(SolutionConfigurationPlatforms) = preSolution
		Debug|Any CPU = Debug|Any CPU
		Release|Any CPU = Release|Any CPU
	EndGlobalSection
	GlobalSection(ProjectConfigurationPlatforms) = postSolution
		{33A97C1E-7982-411D-9A47-ABA9F5C033BA}.Debug|Any CPU.ActiveCfg = Debug|Any CPU
		{33A97C1E-7982-411D-9A47-ABA9F5C033BA}.Debug|Any CPU.Build.0 = Debug|Any CPU
		{33A97C1E-7982-411D-9A47-ABA9F5C033BA}.Release|Any CPU.ActiveCfg = Release|Any CPU
		{33A97C1E-7982-411D-9A47-ABA9F5C033BA}.Release|Any CPU.Build.0 = Release|Any CPU
	EndGlobalSection
	GlobalSection(SolutionProperties) = preSolution
		HideSolutionNode = FALSE
	EndGlobalSection
	GlobalSection(ExtensibilityGlobals) = postSolution
		SolutionGuid = {7D200B94-956B-4A83-BD47-395F5E93C9B0}
	EndGlobalSection
EndGlobal
